// !$*UTF8*$!
{
	archiveVersion = 1;
	classes = {
	};
	objectVersion = 50;
	objects = {

/* Begin PBXBuildFile section */
		651F5484FE9E3B33CA608E1C /* Pods_E_dinars.framework in Frameworks */ = {isa = PBXBuildFile; fileRef = 458018A14974E092B98C1336 /* Pods_E_dinars.framework */; };
		B13F524720F739A000E1FBFA /* BaseTabBarViewController.swift in Sources */ = {isa = PBXBuildFile; fileRef = B13F524620F739A000E1FBFA /* BaseTabBarViewController.swift */; };
		B13F524E20F753CB00E1FBFA /* MyAccountsCoordinator.swift in Sources */ = {isa = PBXBuildFile; fileRef = B13F524D20F753CB00E1FBFA /* MyAccountsCoordinator.swift */; };
		B13F525020F7542200E1FBFA /* MyAccountsViewController.swift in Sources */ = {isa = PBXBuildFile; fileRef = B13F524F20F7542200E1FBFA /* MyAccountsViewController.swift */; };
		B13F525420F7590300E1FBFA /* OrdersViewController.swift in Sources */ = {isa = PBXBuildFile; fileRef = B13F525320F7590300E1FBFA /* OrdersViewController.swift */; };
		B13F525620F7592900E1FBFA /* OrdersCoordinator.swift in Sources */ = {isa = PBXBuildFile; fileRef = B13F525520F7592900E1FBFA /* OrdersCoordinator.swift */; };
		B13F525920F897C900E1FBFA /* KeychainPasswordItem.swift in Sources */ = {isa = PBXBuildFile; fileRef = B13F525820F897C900E1FBFA /* KeychainPasswordItem.swift */; };
		B13F525C20F9285800E1FBFA /* MyEbayAccountTableViewCell.swift in Sources */ = {isa = PBXBuildFile; fileRef = B13F525A20F9285800E1FBFA /* MyEbayAccountTableViewCell.swift */; };
		B13F525D20F9285800E1FBFA /* MyEbayAccountTableViewCell.xib in Resources */ = {isa = PBXBuildFile; fileRef = B13F525B20F9285800E1FBFA /* MyEbayAccountTableViewCell.xib */; };
		B1461DFC20FCBB5200A28E65 /* Post.swift in Sources */ = {isa = PBXBuildFile; fileRef = B1461DFB20FCBB5200A28E65 /* Post.swift */; };
		B1461E0020FCC80300A28E65 /* FacebookPostService.swift in Sources */ = {isa = PBXBuildFile; fileRef = B1461DFF20FCC80300A28E65 /* FacebookPostService.swift */; };
		B15A579920EB95F600551DF5 /* AppDelegate.swift in Sources */ = {isa = PBXBuildFile; fileRef = B15A579820EB95F600551DF5 /* AppDelegate.swift */; };
		B15A579B20EB95F600551DF5 /* LoginViewController.swift in Sources */ = {isa = PBXBuildFile; fileRef = B15A579A20EB95F600551DF5 /* LoginViewController.swift */; };
		B15A579E20EB95F600551DF5 /* Main.storyboard in Resources */ = {isa = PBXBuildFile; fileRef = B15A579C20EB95F600551DF5 /* Main.storyboard */; };
		B15A57A020EB95F800551DF5 /* Assets.xcassets in Resources */ = {isa = PBXBuildFile; fileRef = B15A579F20EB95F800551DF5 /* Assets.xcassets */; };
		B15A57A320EB95F800551DF5 /* LaunchScreen.storyboard in Resources */ = {isa = PBXBuildFile; fileRef = B15A57A120EB95F800551DF5 /* LaunchScreen.storyboard */; };
		B15A57CB20EBAD5600551DF5 /* UIFont+Additions.swift in Sources */ = {isa = PBXBuildFile; fileRef = B15A57C920EBAD5600551DF5 /* UIFont+Additions.swift */; };
		B15A57CC20EBAD5600551DF5 /* UIColor+Additions.swift in Sources */ = {isa = PBXBuildFile; fileRef = B15A57CA20EBAD5600551DF5 /* UIColor+Additions.swift */; };
		B15A57D520ECDC9D00551DF5 /* CustomAlertContentView.swift in Sources */ = {isa = PBXBuildFile; fileRef = B15A57D320ECDC9D00551DF5 /* CustomAlertContentView.swift */; };
		B15A57D620ECDC9D00551DF5 /* CustomAlertContentView.xib in Resources */ = {isa = PBXBuildFile; fileRef = B15A57D420ECDC9D00551DF5 /* CustomAlertContentView.xib */; };
		B1683F0D20EF85E900F6945D /* AlertAction.swift in Sources */ = {isa = PBXBuildFile; fileRef = B1683F0C20EF85E900F6945D /* AlertAction.swift */; };
		B1683F0F20EF871400F6945D /* CustomAlertViewController.swift in Sources */ = {isa = PBXBuildFile; fileRef = B1683F0E20EF871400F6945D /* CustomAlertViewController.swift */; };
		B18014D42100842D002A4997 /* RealmServices.swift in Sources */ = {isa = PBXBuildFile; fileRef = B18014D32100842D002A4997 /* RealmServices.swift */; };
		B1C618DC212484D20064D2AC /* MyAccountsViewModel.swift in Sources */ = {isa = PBXBuildFile; fileRef = B1C618DB212484D20064D2AC /* MyAccountsViewModel.swift */; };
		B1DC478420F600EE00DF2535 /* LoginViewController+UI.swift in Sources */ = {isa = PBXBuildFile; fileRef = B1DC478320F600EE00DF2535 /* LoginViewController+UI.swift */; };
		B1DC478620F63CED00DF2535 /* AppCoordinator.swift in Sources */ = {isa = PBXBuildFile; fileRef = B1DC478520F63CED00DF2535 /* AppCoordinator.swift */; };
		B1DC478820F63D1C00DF2535 /* Coordinator.swift in Sources */ = {isa = PBXBuildFile; fileRef = B1DC478720F63D1C00DF2535 /* Coordinator.swift */; };
		B1DC478A20F649B200DF2535 /* AuthCoordinator.swift in Sources */ = {isa = PBXBuildFile; fileRef = B1DC478920F649B200DF2535 /* AuthCoordinator.swift */; };
		B1DC478C20F649CA00DF2535 /* BaseTabBarCoordinator.swift in Sources */ = {isa = PBXBuildFile; fileRef = B1DC478B20F649CA00DF2535 /* BaseTabBarCoordinator.swift */; };
/* End PBXBuildFile section */

/* Begin PBXFileReference section */
		43C6A83B1A366FD6A623378B /* Pods-E-dinars.release.xcconfig */ = {isa = PBXFileReference; includeInIndex = 1; lastKnownFileType = text.xcconfig; name = "Pods-E-dinars.release.xcconfig"; path = "Pods/Target Support Files/Pods-E-dinars/Pods-E-dinars.release.xcconfig"; sourceTree = "<group>"; };
		458018A14974E092B98C1336 /* Pods_E_dinars.framework */ = {isa = PBXFileReference; explicitFileType = wrapper.framework; includeInIndex = 0; path = Pods_E_dinars.framework; sourceTree = BUILT_PRODUCTS_DIR; };
		B13F524620F739A000E1FBFA /* BaseTabBarViewController.swift */ = {isa = PBXFileReference; lastKnownFileType = sourcecode.swift; path = BaseTabBarViewController.swift; sourceTree = "<group>"; };
		B13F524D20F753CB00E1FBFA /* MyAccountsCoordinator.swift */ = {isa = PBXFileReference; lastKnownFileType = sourcecode.swift; path = MyAccountsCoordinator.swift; sourceTree = "<group>"; };
		B13F524F20F7542200E1FBFA /* MyAccountsViewController.swift */ = {isa = PBXFileReference; lastKnownFileType = sourcecode.swift; path = MyAccountsViewController.swift; sourceTree = "<group>"; };
		B13F525320F7590300E1FBFA /* OrdersViewController.swift */ = {isa = PBXFileReference; lastKnownFileType = sourcecode.swift; path = OrdersViewController.swift; sourceTree = "<group>"; };
		B13F525520F7592900E1FBFA /* OrdersCoordinator.swift */ = {isa = PBXFileReference; lastKnownFileType = sourcecode.swift; path = OrdersCoordinator.swift; sourceTree = "<group>"; };
		B13F525720F8910000E1FBFA /* E-dinars.entitlements */ = {isa = PBXFileReference; lastKnownFileType = text.plist.entitlements; path = "E-dinars.entitlements"; sourceTree = "<group>"; };
		B13F525820F897C900E1FBFA /* KeychainPasswordItem.swift */ = {isa = PBXFileReference; fileEncoding = 4; lastKnownFileType = sourcecode.swift; path = KeychainPasswordItem.swift; sourceTree = "<group>"; };
		B13F525A20F9285800E1FBFA /* MyEbayAccountTableViewCell.swift */ = {isa = PBXFileReference; fileEncoding = 4; lastKnownFileType = sourcecode.swift; path = MyEbayAccountTableViewCell.swift; sourceTree = "<group>"; };
		B13F525B20F9285800E1FBFA /* MyEbayAccountTableViewCell.xib */ = {isa = PBXFileReference; fileEncoding = 4; lastKnownFileType = file.xib; path = MyEbayAccountTableViewCell.xib; sourceTree = "<group>"; };
		B1461DFB20FCBB5200A28E65 /* Post.swift */ = {isa = PBXFileReference; lastKnownFileType = sourcecode.swift; path = Post.swift; sourceTree = "<group>"; };
		B1461DFF20FCC80300A28E65 /* FacebookPostService.swift */ = {isa = PBXFileReference; lastKnownFileType = sourcecode.swift; path = FacebookPostService.swift; sourceTree = "<group>"; };
		B15A579520EB95F600551DF5 /* E-dinars.app */ = {isa = PBXFileReference; explicitFileType = wrapper.application; includeInIndex = 0; path = "E-dinars.app"; sourceTree = BUILT_PRODUCTS_DIR; };
		B15A579820EB95F600551DF5 /* AppDelegate.swift */ = {isa = PBXFileReference; lastKnownFileType = sourcecode.swift; path = AppDelegate.swift; sourceTree = "<group>"; };
		B15A579A20EB95F600551DF5 /* LoginViewController.swift */ = {isa = PBXFileReference; lastKnownFileType = sourcecode.swift; path = LoginViewController.swift; sourceTree = "<group>"; };
		B15A579D20EB95F600551DF5 /* Base */ = {isa = PBXFileReference; lastKnownFileType = file.storyboard; name = Base; path = Base.lproj/Main.storyboard; sourceTree = "<group>"; };
		B15A579F20EB95F800551DF5 /* Assets.xcassets */ = {isa = PBXFileReference; lastKnownFileType = folder.assetcatalog; path = Assets.xcassets; sourceTree = "<group>"; };
		B15A57A220EB95F800551DF5 /* Base */ = {isa = PBXFileReference; lastKnownFileType = file.storyboard; name = Base; path = Base.lproj/LaunchScreen.storyboard; sourceTree = "<group>"; };
		B15A57A420EB95F800551DF5 /* Info.plist */ = {isa = PBXFileReference; lastKnownFileType = text.plist.xml; path = Info.plist; sourceTree = "<group>"; };
		B15A57C920EBAD5600551DF5 /* UIFont+Additions.swift */ = {isa = PBXFileReference; fileEncoding = 4; lastKnownFileType = sourcecode.swift; path = "UIFont+Additions.swift"; sourceTree = "<group>"; };
		B15A57CA20EBAD5600551DF5 /* UIColor+Additions.swift */ = {isa = PBXFileReference; fileEncoding = 4; lastKnownFileType = sourcecode.swift; path = "UIColor+Additions.swift"; sourceTree = "<group>"; };
		B15A57D320ECDC9D00551DF5 /* CustomAlertContentView.swift */ = {isa = PBXFileReference; lastKnownFileType = sourcecode.swift; path = CustomAlertContentView.swift; sourceTree = "<group>"; };
		B15A57D420ECDC9D00551DF5 /* CustomAlertContentView.xib */ = {isa = PBXFileReference; lastKnownFileType = file.xib; path = CustomAlertContentView.xib; sourceTree = "<group>"; };
		B1683F0C20EF85E900F6945D /* AlertAction.swift */ = {isa = PBXFileReference; lastKnownFileType = sourcecode.swift; path = AlertAction.swift; sourceTree = "<group>"; };
		B1683F0E20EF871400F6945D /* CustomAlertViewController.swift */ = {isa = PBXFileReference; lastKnownFileType = sourcecode.swift; path = CustomAlertViewController.swift; sourceTree = "<group>"; };
		B18014D32100842D002A4997 /* RealmServices.swift */ = {isa = PBXFileReference; lastKnownFileType = sourcecode.swift; path = RealmServices.swift; sourceTree = "<group>"; };
		B1C618DB212484D20064D2AC /* MyAccountsViewModel.swift */ = {isa = PBXFileReference; lastKnownFileType = sourcecode.swift; path = MyAccountsViewModel.swift; sourceTree = "<group>"; };
		B1DC478320F600EE00DF2535 /* LoginViewController+UI.swift */ = {isa = PBXFileReference; lastKnownFileType = sourcecode.swift; path = "LoginViewController+UI.swift"; sourceTree = "<group>"; };
		B1DC478520F63CED00DF2535 /* AppCoordinator.swift */ = {isa = PBXFileReference; lastKnownFileType = sourcecode.swift; path = AppCoordinator.swift; sourceTree = "<group>"; };
		B1DC478720F63D1C00DF2535 /* Coordinator.swift */ = {isa = PBXFileReference; lastKnownFileType = sourcecode.swift; path = Coordinator.swift; sourceTree = "<group>"; };
		B1DC478920F649B200DF2535 /* AuthCoordinator.swift */ = {isa = PBXFileReference; lastKnownFileType = sourcecode.swift; path = AuthCoordinator.swift; sourceTree = "<group>"; };
		B1DC478B20F649CA00DF2535 /* BaseTabBarCoordinator.swift */ = {isa = PBXFileReference; lastKnownFileType = sourcecode.swift; path = BaseTabBarCoordinator.swift; sourceTree = "<group>"; };
		BF14DC328260E159179252C7 /* Pods-E-dinars.debug.xcconfig */ = {isa = PBXFileReference; includeInIndex = 1; lastKnownFileType = text.xcconfig; name = "Pods-E-dinars.debug.xcconfig"; path = "Pods/Target Support Files/Pods-E-dinars/Pods-E-dinars.debug.xcconfig"; sourceTree = "<group>"; };
/* End PBXFileReference section */

/* Begin PBXFrameworksBuildPhase section */
		B15A579220EB95F600551DF5 /* Frameworks */ = {
			isa = PBXFrameworksBuildPhase;
			buildActionMask = 2147483647;
			files = (
				651F5484FE9E3B33CA608E1C /* Pods_E_dinars.framework in Frameworks */,
			);
			runOnlyForDeploymentPostprocessing = 0;
		};
/* End PBXFrameworksBuildPhase section */

/* Begin PBXGroup section */
		A1D70A865F7AF9233D7D03BA /* Pods */ = {
			isa = PBXGroup;
			children = (
				BF14DC328260E159179252C7 /* Pods-E-dinars.debug.xcconfig */,
				43C6A83B1A366FD6A623378B /* Pods-E-dinars.release.xcconfig */,
			);
			name = Pods;
			sourceTree = "<group>";
		};
		B13F524820F739C700E1FBFA /* Coordinators */ = {
			isa = PBXGroup;
			children = (
				B1DC478520F63CED00DF2535 /* AppCoordinator.swift */,
				B1DC478920F649B200DF2535 /* AuthCoordinator.swift */,
				B1DC478B20F649CA00DF2535 /* BaseTabBarCoordinator.swift */,
				B13F524D20F753CB00E1FBFA /* MyAccountsCoordinator.swift */,
				B13F525520F7592900E1FBFA /* OrdersCoordinator.swift */,
			);
			path = Coordinators;
			sourceTree = "<group>";
		};
		B13F524920F739E000E1FBFA /* Controllers */ = {
			isa = PBXGroup;
			children = (
				B15A579A20EB95F600551DF5 /* LoginViewController.swift */,
				B13F524620F739A000E1FBFA /* BaseTabBarViewController.swift */,
				B13F524F20F7542200E1FBFA /* MyAccountsViewController.swift */,
				B1C618DB212484D20064D2AC /* MyAccountsViewModel.swift */,
				B1461DFF20FCC80300A28E65 /* FacebookPostService.swift */,
				B13F525320F7590300E1FBFA /* OrdersViewController.swift */,
				B1683F0E20EF871400F6945D /* CustomAlertViewController.swift */,
			);
			path = Controllers;
			sourceTree = "<group>";
		};
		B13F524A20F739ED00E1FBFA /* Views */ = {
			isa = PBXGroup;
			children = (
				B15A579C20EB95F600551DF5 /* Main.storyboard */,
				B15A57D420ECDC9D00551DF5 /* CustomAlertContentView.xib */,
				B1683F0C20EF85E900F6945D /* AlertAction.swift */,
				B15A57D320ECDC9D00551DF5 /* CustomAlertContentView.swift */,
				B13F525A20F9285800E1FBFA /* MyEbayAccountTableViewCell.swift */,
				B13F525B20F9285800E1FBFA /* MyEbayAccountTableViewCell.xib */,
			);
			path = Views;
			sourceTree = "<group>";
		};
		B13F524C20F73AE800E1FBFA /* UI */ = {
			isa = PBXGroup;
			children = (
				B1DC478320F600EE00DF2535 /* LoginViewController+UI.swift */,
				B15A57C920EBAD5600551DF5 /* UIFont+Additions.swift */,
				B15A57CA20EBAD5600551DF5 /* UIColor+Additions.swift */,
			);
			path = UI;
			sourceTree = "<group>";
		};
		B15A578C20EB95F600551DF5 = {
			isa = PBXGroup;
			children = (
				B15A579720EB95F600551DF5 /* E-dinars */,
				B15A579620EB95F600551DF5 /* Products */,
				A1D70A865F7AF9233D7D03BA /* Pods */,
				C9E8E5AE3C31808BDDA14E4F /* Frameworks */,
			);
			sourceTree = "<group>";
		};
		B15A579620EB95F600551DF5 /* Products */ = {
			isa = PBXGroup;
			children = (
				B15A579520EB95F600551DF5 /* E-dinars.app */,
			);
			name = Products;
			sourceTree = "<group>";
		};
		B15A579720EB95F600551DF5 /* E-dinars */ = {
			isa = PBXGroup;
			children = (
				B13F525720F8910000E1FBFA /* E-dinars.entitlements */,
				B15A579820EB95F600551DF5 /* AppDelegate.swift */,
				B13F524A20F739ED00E1FBFA /* Views */,
				B13F524920F739E000E1FBFA /* Controllers */,
				B13F524820F739C700E1FBFA /* Coordinators */,
				B13F524C20F73AE800E1FBFA /* UI */,
				B15A579F20EB95F800551DF5 /* Assets.xcassets */,
				B18014D32100842D002A4997 /* RealmServices.swift */,
				B1461DFB20FCBB5200A28E65 /* Post.swift */,
				B1DC478720F63D1C00DF2535 /* Coordinator.swift */,
				B13F525820F897C900E1FBFA /* KeychainPasswordItem.swift */,
				B15A57A120EB95F800551DF5 /* LaunchScreen.storyboard */,
				B15A57A420EB95F800551DF5 /* Info.plist */,
			);
			path = "E-dinars";
			sourceTree = "<group>";
		};
		C9E8E5AE3C31808BDDA14E4F /* Frameworks */ = {
			isa = PBXGroup;
			children = (
				458018A14974E092B98C1336 /* Pods_E_dinars.framework */,
			);
			name = Frameworks;
			sourceTree = "<group>";
		};
/* End PBXGroup section */

/* Begin PBXNativeTarget section */
		B15A579420EB95F600551DF5 /* E-dinars */ = {
			isa = PBXNativeTarget;
			buildConfigurationList = B15A57BD20EB95F800551DF5 /* Build configuration list for PBXNativeTarget "E-dinars" */;
			buildPhases = (
				11A0DDA98491425A54C3A625 /* [CP] Check Pods Manifest.lock */,
				B15A579120EB95F600551DF5 /* Sources */,
				B15A579220EB95F600551DF5 /* Frameworks */,
				B15A579320EB95F600551DF5 /* Resources */,
				B15A57C820EBAB2F00551DF5 /* SwiftLint */,
				164252BBC76BCCFF9C83A888 /* [CP] Embed Pods Frameworks */,
				495AC2E67CF757CF0B634E60 /* [CP] Copy Pods Resources */,
			);
			buildRules = (
			);
			dependencies = (
			);
			name = "E-dinars";
			productName = "E-dinars";
			productReference = B15A579520EB95F600551DF5 /* E-dinars.app */;
			productType = "com.apple.product-type.application";
		};
/* End PBXNativeTarget section */

/* Begin PBXProject section */
		B15A578D20EB95F600551DF5 /* Project object */ = {
			isa = PBXProject;
			attributes = {
				LastSwiftUpdateCheck = 0940;
				LastUpgradeCheck = 0940;
				ORGANIZATIONNAME = "Oleksandr Bambulyak";
				TargetAttributes = {
					B15A579420EB95F600551DF5 = {
						CreatedOnToolsVersion = 9.4;
						SystemCapabilities = {
							com.apple.Keychain = {
								enabled = 1;
							};
						};
					};
				};
			};
			buildConfigurationList = B15A579020EB95F600551DF5 /* Build configuration list for PBXProject "E-dinars" */;
			compatibilityVersion = "Xcode 9.3";
			developmentRegion = en;
			hasScannedForEncodings = 0;
			knownRegions = (
				en,
				Base,
			);
			mainGroup = B15A578C20EB95F600551DF5;
			productRefGroup = B15A579620EB95F600551DF5 /* Products */;
			projectDirPath = "";
			projectRoot = "";
			targets = (
				B15A579420EB95F600551DF5 /* E-dinars */,
			);
		};
/* End PBXProject section */

/* Begin PBXResourcesBuildPhase section */
		B15A579320EB95F600551DF5 /* Resources */ = {
			isa = PBXResourcesBuildPhase;
			buildActionMask = 2147483647;
			files = (
				B15A57A320EB95F800551DF5 /* LaunchScreen.storyboard in Resources */,
				B13F525D20F9285800E1FBFA /* MyEbayAccountTableViewCell.xib in Resources */,
				B15A57A020EB95F800551DF5 /* Assets.xcassets in Resources */,
				B15A579E20EB95F600551DF5 /* Main.storyboard in Resources */,
				B15A57D620ECDC9D00551DF5 /* CustomAlertContentView.xib in Resources */,
			);
			runOnlyForDeploymentPostprocessing = 0;
		};
/* End PBXResourcesBuildPhase section */

/* Begin PBXShellScriptBuildPhase section */
		11A0DDA98491425A54C3A625 /* [CP] Check Pods Manifest.lock */ = {
			isa = PBXShellScriptBuildPhase;
			buildActionMask = 2147483647;
			files = (
			);
			inputPaths = (
				"${PODS_PODFILE_DIR_PATH}/Podfile.lock",
				"${PODS_ROOT}/Manifest.lock",
			);
			name = "[CP] Check Pods Manifest.lock";
			outputPaths = (
				"$(DERIVED_FILE_DIR)/Pods-E-dinars-checkManifestLockResult.txt",
			);
			runOnlyForDeploymentPostprocessing = 0;
			shellPath = /bin/sh;
			shellScript = "diff \"${PODS_PODFILE_DIR_PATH}/Podfile.lock\" \"${PODS_ROOT}/Manifest.lock\" > /dev/null\nif [ $? != 0 ] ; then\n    # print error to STDERR\n    echo \"error: The sandbox is not in sync with the Podfile.lock. Run 'pod install' or update your CocoaPods installation.\" >&2\n    exit 1\nfi\n# This output is used by Xcode 'outputs' to avoid re-running this script phase.\necho \"SUCCESS\" > \"${SCRIPT_OUTPUT_FILE_0}\"\n";
			showEnvVarsInLog = 0;
		};
		164252BBC76BCCFF9C83A888 /* [CP] Embed Pods Frameworks */ = {
			isa = PBXShellScriptBuildPhase;
			buildActionMask = 2147483647;
			files = (
			);
			inputPaths = (
				"${SRCROOT}/Pods/Target Support Files/Pods-E-dinars/Pods-E-dinars-frameworks.sh",
				"${BUILT_PRODUCTS_DIR}/Bolts/Bolts.framework",
				"${BUILT_PRODUCTS_DIR}/FBSDKCoreKit/FBSDKCoreKit.framework",
				"${BUILT_PRODUCTS_DIR}/FBSDKLoginKit/FBSDKLoginKit.framework",
				"${BUILT_PRODUCTS_DIR}/MBProgressHUD/MBProgressHUD.framework",
				"${BUILT_PRODUCTS_DIR}/Realm/Realm.framework",
				"${BUILT_PRODUCTS_DIR}/RealmSwift/RealmSwift.framework",
				"${BUILT_PRODUCTS_DIR}/RxCocoa/RxCocoa.framework",
				"${BUILT_PRODUCTS_DIR}/RxSwift/RxSwift.framework",
				"${BUILT_PRODUCTS_DIR}/SDWebImage/SDWebImage.framework",
			);
			name = "[CP] Embed Pods Frameworks";
			outputPaths = (
				"${TARGET_BUILD_DIR}/${FRAMEWORKS_FOLDER_PATH}/Bolts.framework",
				"${TARGET_BUILD_DIR}/${FRAMEWORKS_FOLDER_PATH}/FBSDKCoreKit.framework",
				"${TARGET_BUILD_DIR}/${FRAMEWORKS_FOLDER_PATH}/FBSDKLoginKit.framework",
				"${TARGET_BUILD_DIR}/${FRAMEWORKS_FOLDER_PATH}/MBProgressHUD.framework",
				"${TARGET_BUILD_DIR}/${FRAMEWORKS_FOLDER_PATH}/Realm.framework",
				"${TARGET_BUILD_DIR}/${FRAMEWORKS_FOLDER_PATH}/RealmSwift.framework",
				"${TARGET_BUILD_DIR}/${FRAMEWORKS_FOLDER_PATH}/RxCocoa.framework",
				"${TARGET_BUILD_DIR}/${FRAMEWORKS_FOLDER_PATH}/RxSwift.framework",
				"${TARGET_BUILD_DIR}/${FRAMEWORKS_FOLDER_PATH}/SDWebImage.framework",
			);
			runOnlyForDeploymentPostprocessing = 0;
			shellPath = /bin/sh;
			shellScript = "\"${SRCROOT}/Pods/Target Support Files/Pods-E-dinars/Pods-E-dinars-frameworks.sh\"\n";
			showEnvVarsInLog = 0;
		};
		495AC2E67CF757CF0B634E60 /* [CP] Copy Pods Resources */ = {
			isa = PBXShellScriptBuildPhase;
			buildActionMask = 2147483647;
			files = (
			);
			inputPaths = (
			);
			name = "[CP] Copy Pods Resources";
			outputPaths = (
			);
			runOnlyForDeploymentPostprocessing = 0;
			shellPath = /bin/sh;
			shellScript = "\"${SRCROOT}/Pods/Target Support Files/Pods-E-dinars/Pods-E-dinars-resources.sh\"\n";
			showEnvVarsInLog = 0;
		};
		B15A57C820EBAB2F00551DF5 /* SwiftLint */ = {
			isa = PBXShellScriptBuildPhase;
			buildActionMask = 2147483647;
			files = (
			);
			inputPaths = (
			);
			name = SwiftLint;
			outputPaths = (
			);
			runOnlyForDeploymentPostprocessing = 0;
			shellPath = /bin/sh;
			shellScript = "if which swiftlint >/dev/null; then\nswiftlint\nelse\necho \"warning: SwiftLint not installed, download from https://github.com/realm/SwiftLint\"\nfi";
		};
/* End PBXShellScriptBuildPhase section */

/* Begin PBXSourcesBuildPhase section */
		B15A579120EB95F600551DF5 /* Sources */ = {
			isa = PBXSourcesBuildPhase;
			buildActionMask = 2147483647;
			files = (
				B1DC478420F600EE00DF2535 /* LoginViewController+UI.swift in Sources */,
				B1683F0D20EF85E900F6945D /* AlertAction.swift in Sources */,
				B1DC478820F63D1C00DF2535 /* Coordinator.swift in Sources */,
				B13F525420F7590300E1FBFA /* OrdersViewController.swift in Sources */,
				B15A579B20EB95F600551DF5 /* LoginViewController.swift in Sources */,
				B13F525920F897C900E1FBFA /* KeychainPasswordItem.swift in Sources */,
				B15A57CC20EBAD5600551DF5 /* UIColor+Additions.swift in Sources */,
				B18014D42100842D002A4997 /* RealmServices.swift in Sources */,
				B15A57CB20EBAD5600551DF5 /* UIFont+Additions.swift in Sources */,
				B1461E0020FCC80300A28E65 /* FacebookPostService.swift in Sources */,
				B1DC478A20F649B200DF2535 /* AuthCoordinator.swift in Sources */,
				B13F525020F7542200E1FBFA /* MyAccountsViewController.swift in Sources */,
				B13F524720F739A000E1FBFA /* BaseTabBarViewController.swift in Sources */,
				B13F524E20F753CB00E1FBFA /* MyAccountsCoordinator.swift in Sources */,
				B1DC478C20F649CA00DF2535 /* BaseTabBarCoordinator.swift in Sources */,
				B1C618DC212484D20064D2AC /* MyAccountsViewModel.swift in Sources */,
				B13F525C20F9285800E1FBFA /* MyEbayAccountTableViewCell.swift in Sources */,
				B15A57D520ECDC9D00551DF5 /* CustomAlertContentView.swift in Sources */,
				B1DC478620F63CED00DF2535 /* AppCoordinator.swift in Sources */,
				B1683F0F20EF871400F6945D /* CustomAlertViewController.swift in Sources */,
				B13F525620F7592900E1FBFA /* OrdersCoordinator.swift in Sources */,
				B15A579920EB95F600551DF5 /* AppDelegate.swift in Sources */,
				B1461DFC20FCBB5200A28E65 /* Post.swift in Sources */,
			);
			runOnlyForDeploymentPostprocessing = 0;
		};
/* End PBXSourcesBuildPhase section */

/* Begin PBXVariantGroup section */
		B15A579C20EB95F600551DF5 /* Main.storyboard */ = {
			isa = PBXVariantGroup;
			children = (
				B15A579D20EB95F600551DF5 /* Base */,
			);
			name = Main.storyboard;
			sourceTree = "<group>";
		};
		B15A57A120EB95F800551DF5 /* LaunchScreen.storyboard */ = {
			isa = PBXVariantGroup;
			children = (
				B15A57A220EB95F800551DF5 /* Base */,
			);
			name = LaunchScreen.storyboard;
			sourceTree = "<group>";
		};
/* End PBXVariantGroup section */

/* Begin XCBuildConfiguration section */
		B15A57BB20EB95F800551DF5 /* Debug */ = {
			isa = XCBuildConfiguration;
			buildSettings = {
				ALWAYS_SEARCH_USER_PATHS = NO;
				CLANG_ANALYZER_NONNULL = YES;
				CLANG_ANALYZER_NUMBER_OBJECT_CONVERSION = YES_AGGRESSIVE;
				CLANG_CXX_LANGUAGE_STANDARD = "gnu++14";
				CLANG_CXX_LIBRARY = "libc++";
				CLANG_ENABLE_MODULES = YES;
				CLANG_ENABLE_OBJC_ARC = YES;
				CLANG_ENABLE_OBJC_WEAK = YES;
				CLANG_WARN_BLOCK_CAPTURE_AUTORELEASING = YES;
				CLANG_WARN_BOOL_CONVERSION = YES;
				CLANG_WARN_COMMA = YES;
				CLANG_WARN_CONSTANT_CONVERSION = YES;
				CLANG_WARN_DEPRECATED_OBJC_IMPLEMENTATIONS = YES;
				CLANG_WARN_DIRECT_OBJC_ISA_USAGE = YES_ERROR;
				CLANG_WARN_DOCUMENTATION_COMMENTS = YES;
				CLANG_WARN_EMPTY_BODY = YES;
				CLANG_WARN_ENUM_CONVERSION = YES;
				CLANG_WARN_INFINITE_RECURSION = YES;
				CLANG_WARN_INT_CONVERSION = YES;
				CLANG_WARN_NON_LITERAL_NULL_CONVERSION = YES;
				CLANG_WARN_OBJC_IMPLICIT_RETAIN_SELF = YES;
				CLANG_WARN_OBJC_LITERAL_CONVERSION = YES;
				CLANG_WARN_OBJC_ROOT_CLASS = YES_ERROR;
				CLANG_WARN_RANGE_LOOP_ANALYSIS = YES;
				CLANG_WARN_STRICT_PROTOTYPES = YES;
				CLANG_WARN_SUSPICIOUS_MOVE = YES;
				CLANG_WARN_UNGUARDED_AVAILABILITY = YES_AGGRESSIVE;
				CLANG_WARN_UNREACHABLE_CODE = YES;
				CLANG_WARN__DUPLICATE_METHOD_MATCH = YES;
				CODE_SIGN_IDENTITY = "iPhone Developer";
				COPY_PHASE_STRIP = NO;
				DEBUG_INFORMATION_FORMAT = dwarf;
				ENABLE_STRICT_OBJC_MSGSEND = YES;
				ENABLE_TESTABILITY = YES;
				GCC_C_LANGUAGE_STANDARD = gnu11;
				GCC_DYNAMIC_NO_PIC = NO;
				GCC_NO_COMMON_BLOCKS = YES;
				GCC_OPTIMIZATION_LEVEL = 0;
				GCC_PREPROCESSOR_DEFINITIONS = (
					"DEBUG=1",
					"$(inherited)",
				);
				GCC_WARN_64_TO_32_BIT_CONVERSION = YES;
				GCC_WARN_ABOUT_RETURN_TYPE = YES_ERROR;
				GCC_WARN_UNDECLARED_SELECTOR = YES;
				GCC_WARN_UNINITIALIZED_AUTOS = YES_AGGRESSIVE;
				GCC_WARN_UNUSED_FUNCTION = YES;
				GCC_WARN_UNUSED_VARIABLE = YES;
				IPHONEOS_DEPLOYMENT_TARGET = 11.4;
				MTL_ENABLE_DEBUG_INFO = YES;
				ONLY_ACTIVE_ARCH = YES;
				SDKROOT = iphoneos;
				SWIFT_ACTIVE_COMPILATION_CONDITIONS = DEBUG;
				SWIFT_OPTIMIZATION_LEVEL = "-Onone";
			};
			name = Debug;
		};
		B15A57BC20EB95F800551DF5 /* Release */ = {
			isa = XCBuildConfiguration;
			buildSettings = {
				ALWAYS_SEARCH_USER_PATHS = NO;
				CLANG_ANALYZER_NONNULL = YES;
				CLANG_ANALYZER_NUMBER_OBJECT_CONVERSION = YES_AGGRESSIVE;
				CLANG_CXX_LANGUAGE_STANDARD = "gnu++14";
				CLANG_CXX_LIBRARY = "libc++";
				CLANG_ENABLE_MODULES = YES;
				CLANG_ENABLE_OBJC_ARC = YES;
				CLANG_ENABLE_OBJC_WEAK = YES;
				CLANG_WARN_BLOCK_CAPTURE_AUTORELEASING = YES;
				CLANG_WARN_BOOL_CONVERSION = YES;
				CLANG_WARN_COMMA = YES;
				CLANG_WARN_CONSTANT_CONVERSION = YES;
				CLANG_WARN_DEPRECATED_OBJC_IMPLEMENTATIONS = YES;
				CLANG_WARN_DIRECT_OBJC_ISA_USAGE = YES_ERROR;
				CLANG_WARN_DOCUMENTATION_COMMENTS = YES;
				CLANG_WARN_EMPTY_BODY = YES;
				CLANG_WARN_ENUM_CONVERSION = YES;
				CLANG_WARN_INFINITE_RECURSION = YES;
				CLANG_WARN_INT_CONVERSION = YES;
				CLANG_WARN_NON_LITERAL_NULL_CONVERSION = YES;
				CLANG_WARN_OBJC_IMPLICIT_RETAIN_SELF = YES;
				CLANG_WARN_OBJC_LITERAL_CONVERSION = YES;
				CLANG_WARN_OBJC_ROOT_CLASS = YES_ERROR;
				CLANG_WARN_RANGE_LOOP_ANALYSIS = YES;
				CLANG_WARN_STRICT_PROTOTYPES = YES;
				CLANG_WARN_SUSPICIOUS_MOVE = YES;
				CLANG_WARN_UNGUARDED_AVAILABILITY = YES_AGGRESSIVE;
				CLANG_WARN_UNREACHABLE_CODE = YES;
				CLANG_WARN__DUPLICATE_METHOD_MATCH = YES;
				CODE_SIGN_IDENTITY = "iPhone Developer";
				COPY_PHASE_STRIP = NO;
				DEBUG_INFORMATION_FORMAT = "dwarf-with-dsym";
				ENABLE_NS_ASSERTIONS = NO;
				ENABLE_STRICT_OBJC_MSGSEND = YES;
				GCC_C_LANGUAGE_STANDARD = gnu11;
				GCC_NO_COMMON_BLOCKS = YES;
				GCC_WARN_64_TO_32_BIT_CONVERSION = YES;
				GCC_WARN_ABOUT_RETURN_TYPE = YES_ERROR;
				GCC_WARN_UNDECLARED_SELECTOR = YES;
				GCC_WARN_UNINITIALIZED_AUTOS = YES_AGGRESSIVE;
				GCC_WARN_UNUSED_FUNCTION = YES;
				GCC_WARN_UNUSED_VARIABLE = YES;
				IPHONEOS_DEPLOYMENT_TARGET = 11.4;
				MTL_ENABLE_DEBUG_INFO = NO;
				SDKROOT = iphoneos;
				SWIFT_COMPILATION_MODE = wholemodule;
				SWIFT_OPTIMIZATION_LEVEL = "-O";
				VALIDATE_PRODUCT = YES;
			};
			name = Release;
		};
		B15A57BE20EB95F800551DF5 /* Debug */ = {
			isa = XCBuildConfiguration;
			baseConfigurationReference = BF14DC328260E159179252C7 /* Pods-E-dinars.debug.xcconfig */;
			buildSettings = {
				ASSETCATALOG_COMPILER_APPICON_NAME = AppIcon;
				CODE_SIGN_ENTITLEMENTS = "E-dinars/E-dinars.entitlements";
				CODE_SIGN_STYLE = Automatic;
				DEVELOPMENT_TEAM = 42HSZXZUT7;
				INFOPLIST_FILE = "E-dinars/Info.plist";
				IPHONEOS_DEPLOYMENT_TARGET = 11.0;
				LD_RUNPATH_SEARCH_PATHS = (
					"$(inherited)",
					"@executable_path/Frameworks",
				);
				PRODUCT_BUNDLE_IDENTIFIER = "com.hilton.E-dinars";
				PRODUCT_NAME = "$(TARGET_NAME)";
				SWIFT_VERSION = 4.0;
				TARGETED_DEVICE_FAMILY = "1,2";
			};
			name = Debug;
		};
		B15A57BF20EB95F800551DF5 /* Release */ = {
			isa = XCBuildConfiguration;
			baseConfigurationReference = 43C6A83B1A366FD6A623378B /* Pods-E-dinars.release.xcconfig */;
			buildSettings = {
				ASSETCATALOG_COMPILER_APPICON_NAME = AppIcon;
				CODE_SIGN_ENTITLEMENTS = "E-dinars/E-dinars.entitlements";
				CODE_SIGN_STYLE = Automatic;
				DEVELOPMENT_TEAM = 42HSZXZUT7;
				INFOPLIST_FILE = "E-dinars/Info.plist";
				IPHONEOS_DEPLOYMENT_TARGET = 11.0;
				LD_RUNPATH_SEARCH_PATHS = (
					"$(inherited)",
					"@executable_path/Frameworks",
				);
				PRODUCT_BUNDLE_IDENTIFIER = "com.hilton.E-dinars";
				PRODUCT_NAME = "$(TARGET_NAME)";
				SWIFT_VERSION = 4.0;
				TARGETED_DEVICE_FAMILY = "1,2";
			};
			name = Release;
		};
/* End XCBuildConfiguration section */

/* Begin XCConfigurationList section */
		B15A579020EB95F600551DF5 /* Build configuration list for PBXProject "E-dinars" */ = {
			isa = XCConfigurationList;
			buildConfigurations = (
				B15A57BB20EB95F800551DF5 /* Debug */,
				B15A57BC20EB95F800551DF5 /* Release */,
			);
			defaultConfigurationIsVisible = 0;
			defaultConfigurationName = Release;
		};
		B15A57BD20EB95F800551DF5 /* Build configuration list for PBXNativeTarget "E-dinars" */ = {
			isa = XCConfigurationList;
			buildConfigurations = (
				B15A57BE20EB95F800551DF5 /* Debug */,
				B15A57BF20EB95F800551DF5 /* Release */,
			);
			defaultConfigurationIsVisible = 0;
			defaultConfigurationName = Release;
		};
/* End XCConfigurationList section */
	};
	rootObject = B15A578D20EB95F600551DF5 /* Project object */;
}
